{
  "name": "jp-healthcare-osm",
  "version": "0.1.0",
  "lockfileVersion": 3,
  "requires": true,
  "packages": {
    "": {
      "name": "jp-healthcare-osm",
      "version": "0.1.0",
      "license": "MIT",
      "dependencies": {
        "@geolonia/normalize-japanese-addresses": "^3.1.3",
        "opening_hours": "^3.14.0"
      }
    },
    "node_modules/@geolonia/japanese-addresses-v2": {
      "version": "0.0.5",
      "resolved": "https://registry.npmjs.org/@geolonia/japanese-addresses-v2/-/japanese-addresses-v2-0.0.5.tgz",
      "integrity": "sha512-oQsBRSCGVp18xDpHMGjudJuOmr5NNu4D+LSljAGW2w2oyDTa7KM34Id6ZSILBs/PqvKGfvpMCb8aOfW+tblMWg==",
      "license": "MIT"
    },
    "node_modules/@geolonia/japanese-numeral": {
      "version": "1.1.0",
      "resolved": "https://registry.npmjs.org/@geolonia/japanese-numeral/-/japanese-numeral-1.1.0.tgz",
      "integrity": "sha512-Mk1YX6bubQI5meqSpsb5Pa/l9kHTvjoiqPEyPXoVYeki4L+2prU886ug02MbtKEZ4yIVhuVTujWaskqHmLHyqQ==",
      "license": "MIT",
      "engines": {
        "node": ">=18"
      }
    },
    "node_modules/@geolonia/normalize-japanese-addresses": {
      "version": "3.1.3",
      "resolved": "https://registry.npmjs.org/@geolonia/normalize-japanese-addresses/-/normalize-japanese-addresses-3.1.3.tgz",
      "integrity": "sha512-hf3D01j4fahSdx7XsG0IKHmsZQBBfZEoTD7qLr5lQkewnCfKSMn9ocZ9DSIdyvOkKU1WSBquHsHw8KQfRJ+BSQ==",
      "license": "MIT",
      "dependencies": {
        "@geolonia/japanese-addresses-v2": "0.0.5",
        "@geolonia/japanese-numeral": "^1.0.2",
        "lru-cache": "^11.0.1",
        "papaparse": "^5.4.1",
        "undici": "^6.19.8"
      },
      "engines": {
        "node": ">=18"
      }
    },
    "node_modules/i18next": {
      "version": "26.3.6",
      "resolved": "https://registry.npmjs.org/i18next/-/i18next-26.3.6.tgz",
      "integrity": "sha512-Bu5Z2nAXgfVyM8xvW3jk9EKRIuX37PudsrBViThNFx7CR7aaYTpP01cxNB/E4c4UUzTDiAZRstEhsRfPOL/8xA==",
      "funding": [
        {
          "type": "individual",
          "url": "https://www.locize.com/i18next"
        },
        {
          "type": "individual",
          "url": "https://www.i18next.com/how-to/faq#i18next-is-awesome.-how-can-i-support-the-project"
        },
        {
          "type": "individual",
          "url": "https://www.locize.com"
        }
      ],
      "license": "MIT",
      "peerDependencies": {
        "typescript": "^5 || ^6 || ^7"
      },
      "peerDependenciesMeta": {
        "typescript": {
          "optional": true
        }
      }
    },
    "node_modules/lru-cache": {
      "version": "11.5.2",
      "resolved": "https://registry.npmjs.org/lru-cache/-/lru-cache-11.5.2.tgz",
      "integrity": "sha512-4pfM1Ff0x50o0tQwb5ucw/RzNyD0/YJME6IVcStalZuMWxdt3sR3huStTtxz4PUmvZfRguvDejasvQ2kifR11g==",
      "license": "BlueOak-1.0.0",
      "engines": {
        "node": "20 || >=22"
      }
    },
    "node_modules/opening_hours": {
      "version": "3.14.0",
      "resolved": "https://registry.npmjs.org/opening_hours/-/opening_hours-3.14.0.tgz",
      "integrity": "sha512-pgddpSgUJlbbel2Kk9Y8uYv3cw//fiuM/BNUO7VhtdlHMpaUo3U8uG0jF5DJxsCzIpyeVygNjQJso6T6okiT8g==",
      "license": "LGPL-3.0-only",
      "dependencies": {
        "i18next": "^26.3.6",
        "suncalc": "^2.0.0"
      },
      "engines": {
        "node": ">=12"
      }
    },
    "node_modules/papaparse": {
      "version": "5.6.0",
      "resolved": "https://registry.npmjs.org/papaparse/-/papaparse-5.6.0.tgz",
      "integrity": "sha512-N2vuNQAYGK1/4vs6HJX86+VYU6OkiSTgdJz3JQfTk1y51cFCO/U8gnaeTF4iNE4r57Tt0sV47dUua1/19pxO6Q==",
      "license": "MIT"
    },
    "node_modules/suncalc": {
      "version": "2.0.1",
      "resolved": "https://registry.npmjs.org/suncalc/-/suncalc-2.0.1.tgz",
      "integrity": "sha512-wjujU+HpsP1TUvN3/9dFkVQQCsMZbk7PkdZsASRJR4jVPHCm9Qy0FVkFTqXfs70Ag2yheN7ZUavzCyOjhJDGxQ=="
    },
    "node_modules/undici": {
      "version": "6.28.0",
      "resolved": "https://registry.npmjs.org/undici/-/undici-6.28.0.tgz",
      "integrity": "sha512-LIY910g9TI13YS95lrMFrs8Rm/u/irgHeTWoKCoteeJ04CUJ92eEfj0rVn+7VKMPBpUPiUoBKfhNyLI23EE/KA==",
      "license": "MIT",
      "engines": {
        "node": ">=18.17"
      }
    }
  }
}
