{
  "name": "osm-iryo-joho",
  "version": "0.1.0",
  "lockfileVersion": 3,
  "requires": true,
  "packages": {
    "": {
      "name": "osm-iryo-joho",
      "version": "0.1.0",
      "dependencies": {
        "opening_hours": "^3.14.0"
      }
    },
    "node_modules/i18next": {
      "version": "26.3.6",
      "resolved": "https://registry.npmjs.org/i18next/-/i18next-26.3.6.tgz",
      "integrity": "sha512-Bu5Z2nAXgfVyM8xvW3jk9EKRIuX37PudsrBViThNFx7CR7aaYTpP01cxNB/E4c4UUzTDiAZRstEhsRfPOL/8xA==",
      "funding": [
        {
          "type": "individual",
          "url": "https://www.locize.com/i18next"
        },
        {
          "type": "individual",
          "url": "https://www.i18next.com/how-to/faq#i18next-is-awesome.-how-can-i-support-the-project"
        },
        {
          "type": "individual",
          "url": "https://www.locize.com"
        }
      ],
      "license": "MIT",
      "peerDependencies": {
        "typescript": "^5 || ^6 || ^7"
      },
      "peerDependenciesMeta": {
        "typescript": {
          "optional": true
        }
      }
    },
    "node_modules/opening_hours": {
      "version": "3.14.0",
      "resolved": "https://registry.npmjs.org/opening_hours/-/opening_hours-3.14.0.tgz",
      "integrity": "sha512-pgddpSgUJlbbel2Kk9Y8uYv3cw//fiuM/BNUO7VhtdlHMpaUo3U8uG0jF5DJxsCzIpyeVygNjQJso6T6okiT8g==",
      "license": "LGPL-3.0-only",
      "dependencies": {
        "i18next": "^26.3.6",
        "suncalc": "^2.0.0"
      },
      "engines": {
        "node": ">=12"
      }
    },
    "node_modules/suncalc": {
      "version": "2.0.1",
      "resolved": "https://registry.npmjs.org/suncalc/-/suncalc-2.0.1.tgz",
      "integrity": "sha512-wjujU+HpsP1TUvN3/9dFkVQQCsMZbk7PkdZsASRJR4jVPHCm9Qy0FVkFTqXfs70Ag2yheN7ZUavzCyOjhJDGxQ=="
    }
  }
}
